{
  "name": "fitllm-engine",
  "version": "2.13.0",
  "lockfileVersion": 3,
  "requires": true,
  "packages": {
    "": {
      "name": "fitllm-engine",
      "version": "2.13.0",
      "license": "MIT",
      "bin": {
        "fitllm": "bin/fitllm.mjs"
      },
      "engines": {
        "node": ">=18"
      }
    }
  }
}
